{
  "version": "5",
  "specifiers": {
    "jsr:@std/assert@1": "1.0.14",
    "jsr:@std/internal@^1.0.10": "1.0.10",
    "npm:arktype@2.1.22": "2.1.22"
  },
  "jsr": {
    "@std/assert@1.0.14": {
      "integrity": "68d0d4a43b365abc927f45a9b85c639ea18a9fab96ad92281e493e4ed84abaa4",
      "dependencies": [
        "jsr:@std/internal"
      ]
    },
    "@std/internal@1.0.10": {
      "integrity": "e3be62ce42cab0e177c27698e5d9800122f67b766a0bea6ca4867886cbde8cf7"
    }
  },
  "npm": {
    "@ark/schema@0.49.0": {
      "integrity": "sha512-GphZBLpW72iS0v4YkeUtV3YIno35Gimd7+ezbPO9GwEi9kzdUrPVjvf6aXSBAfHikaFc/9pqZOpv3pOXnC71tw==",
      "dependencies": [
        "@ark/util"
      ]
    },
    "@ark/util@0.49.0": {
      "integrity": "sha512-/BtnX7oCjNkxi2vi6y1399b+9xd1jnCrDYhZ61f0a+3X8x8DxlK52VgEEzyuC2UQMPACIfYrmHkhD3lGt2GaMA=="
    },
    "arktype@2.1.22": {
      "integrity": "sha512-xdzl6WcAhrdahvRRnXaNwsipCgHuNoLobRqhiP8RjnfL9Gp947abGlo68GAIyLtxbD+MLzNyH2YR4kEqioMmYQ==",
      "dependencies": [
        "@ark/schema",
        "@ark/util"
      ]
    }
  },
  "workspace": {
    "dependencies": [
      "jsr:@std/assert@1",
      "npm:arktype@2.1.22"
    ]
  }
}
